
Microsoft Visual Studio Solution File, Format Version 12.00
# Visual Studio 15
VisualStudioVersion = 15.0.28010.2016
MinimumVisualStudioVersion = 10.0.40219.1
Project("{FAE04EC0-301F-11D3-BF4B-00C04F79EFBC}") = "OOP-CheWeiHsu-Task14", "OOP-CheWeiHsu-Task14\OOP-CheWeiHsu-Task14.csproj", "{DA67BE25-BFFE-4D1B-BA71-5140A57E32C8}"
EndProject
Global
	GlobalSection(SolutionConfigurationPlatforms) = preSolution
		Debug|Any CPU = Debug|Any CPU
		Release|Any CPU = Release|Any CPU
	EndGlobalSection
	GlobalSection(ProjectConfigurationPlatforms) = postSolution
		{DA67BE25-BFFE-4D1B-BA71-5140A57E32C8}.Debug|Any CPU.ActiveCfg = Debug|Any CPU
		{DA67BE25-BFFE-4D1B-BA71-5140A57E32C8}.Debug|Any CPU.Build.0 = Debug|Any CPU
		{DA67BE25-BFFE-4D1B-BA71-5140A57E32C8}.Release|Any CPU.ActiveCfg = Release|Any CPU
		{DA67BE25-BFFE-4D1B-BA71-5140A57E32C8}.Release|Any CPU.Build.0 = Release|Any CPU
	EndGlobalSection
	GlobalSection(SolutionProperties) = preSolution
		HideSolutionNode = FALSE
	EndGlobalSection
	GlobalSection(ExtensibilityGlobals) = postSolution
		SolutionGuid = {E06E2B8E-DF1F-4201-B2FE-9B4EFF18D170}
	EndGlobalSection
EndGlobal
